{
  "version": 4,
  "terraform_version": "1.15.8",
  "serial": 6,
  "lineage": "dc512315-0386-99a8-1d34-ed483d4dd53e",
  "outputs": {},
  "resources": [
    {
      "mode": "managed",
      "type": "azurerm_resource_group",
      "name": "main",
      "provider": "provider[\"registry.terraform.io/hashicorp/azurerm\"]",
      "instances": [
        {
          "schema_version": 0,
          "attributes": {
            "id": "/subscriptions/4d2f3d90-3f7a-4f44-bb7f-bee999a3638b/resourceGroups/netflix-rg",
            "location": "eastus",
            "managed_by": "",
            "name": "netflix-rg",
            "tags": {
              "Environment": "dev",
              "ManagedBy": "Terraform",
              "Project": "netflix"
            },
            "timeouts": null
          },
          "sensitive_attributes": [],
          "identity_schema_version": 0,
          "identity": {
            "name": "netflix-rg",
            "subscription_id": "4d2f3d90-3f7a-4f44-bb7f-bee999a3638b"
          },
          "private": "eyJlMmJmYjczMC1lY2FhLTExZTYtOGY4OC0zNDM2M2JjN2M0YzAiOnsiY3JlYXRlIjo1NDAwMDAwMDAwMDAwLCJkZWxldGUiOjU0MDAwMDAwMDAwMDAsInJlYWQiOjMwMDAwMDAwMDAwMCwidXBkYXRlIjo1NDAwMDAwMDAwMDAwfX0="
        }
      ]
    },
    {
      "mode": "managed",
      "type": "azurerm_virtual_network",
      "name": "main",
      "provider": "provider[\"registry.terraform.io/hashicorp/azurerm\"]",
      "instances": [
        {
          "schema_version": 0,
          "attributes": {
            "address_space": [
              "172.16.0.0/16"
            ],
            "bgp_community": "",
            "ddos_protection_plan": [],
            "dns_servers": [],
            "edge_zone": "",
            "encryption": [],
            "flow_timeout_in_minutes": 0,
            "guid": "820b1818-0270-48af-836d-03cf360970bf",
            "id": "/subscriptions/4d2f3d90-3f7a-4f44-bb7f-bee999a3638b/resourceGroups/netflix-rg/providers/Microsoft.Network/virtualNetworks/netflix-vnet",
            "ip_address_pool": [],
            "location": "eastus",
            "name": "netflix-vnet",
            "private_endpoint_vnet_policies": "Disabled",
            "resource_group_name": "netflix-rg",
            "subnet": [
              {
                "address_prefixes": [
                  "172.16.0.0/24"
                ],
                "default_outbound_access_enabled": true,
                "delegation": [],
                "id": "/subscriptions/4d2f3d90-3f7a-4f44-bb7f-bee999a3638b/resourceGroups/netflix-rg/providers/Microsoft.Network/virtualNetworks/netflix-vnet/subnets/netflix-subnet",
                "name": "netflix-subnet",
                "private_endpoint_network_policies": "Enabled",
                "private_link_service_network_policies_enabled": true,
                "route_table_id": "",
                "security_group": "/subscriptions/4d2f3d90-3f7a-4f44-bb7f-bee999a3638b/resourceGroups/netflix-rg/providers/Microsoft.Network/networkSecurityGroups/netflix-nsg",
                "service_endpoint_policy_ids": [],
                "service_endpoints": []
              }
            ],
            "tags": {},
            "timeouts": null
          },
          "sensitive_attributes": [],
          "identity_schema_version": 0,
          "identity": {
            "name": "netflix-vnet",
            "resource_group_name": "netflix-rg",
            "subscription_id": "4d2f3d90-3f7a-4f44-bb7f-bee999a3638b"
          },
          "private": "eyJlMmJmYjczMC1lY2FhLTExZTYtOGY4OC0zNDM2M2JjN2M0YzAiOnsiY3JlYXRlIjoxODAwMDAwMDAwMDAwLCJkZWxldGUiOjE4MDAwMDAwMDAwMDAsInJlYWQiOjMwMDAwMDAwMDAwMCwidXBkYXRlIjoxODAwMDAwMDAwMDAwfSwic2NoZW1hX3ZlcnNpb24iOiIwIn0="
        }
      ]
    }
  ],
  "check_results": null
}
